
Microsoft Visual Studio Solution File, Format Version 12.00
# Visual Studio Version 17
VisualStudioVersion = 17.13.35828.75 d17.13
MinimumVisualStudioVersion = 10.0.40219.1
Project("{FAE04EC0-301F-11D3-BF4B-00C04F79EFBC}") = "ff16.ability.tierThreeFeats", "f16.ability.tierThreeFeats\ff16.ability.tierThreeFeats.csproj", "{4EA9F37A-8FFF-480F-BB97-05B176FC5A01}"
EndProject
Global
	GlobalSection(SolutionConfigurationPlatforms) = preSolution
		Debug|Any CPU = Debug|Any CPU
		Release|Any CPU = Release|Any CPU
	EndGlobalSection
	GlobalSection(ProjectConfigurationPlatforms) = postSolution
		{4EA9F37A-8FFF-480F-BB97-05B176FC5A01}.Debug|Any CPU.ActiveCfg = Debug|Any CPU
		{4EA9F37A-8FFF-480F-BB97-05B176FC5A01}.Debug|Any CPU.Build.0 = Debug|Any CPU
		{4EA9F37A-8FFF-480F-BB97-05B176FC5A01}.Release|Any CPU.ActiveCfg = Release|Any CPU
		{4EA9F37A-8FFF-480F-BB97-05B176FC5A01}.Release|Any CPU.Build.0 = Release|Any CPU
	EndGlobalSection
	GlobalSection(SolutionProperties) = preSolution
		HideSolutionNode = FALSE
	EndGlobalSection
	GlobalSection(ExtensibilityGlobals) = postSolution
		SolutionGuid = {48878A28-1526-4DF9-ADC7-15E2C88CFE54}
	EndGlobalSection
EndGlobal
